// !$*UTF8*$!
{
	archiveVersion = 1;
	classes = {
	};
	objectVersion = 56;
	objects = {

/* Begin PBXBuildFile section */
		841622D62B0B6B38005F95B7 /* dicesApp.swift in Sources */ = {isa = PBXBuildFile; fileRef = 841622D52B0B6B38005F95B7 /* dicesApp.swift */; };
		841622D82B0B6B38005F95B7 /* DiceView.swift in Sources */ = {isa = PBXBuildFile; fileRef = 841622D72B0B6B38005F95B7 /* DiceView.swift */; };
		841622DA2B0B6B39005F95B7 /* Assets.xcassets in Resources */ = {isa = PBXBuildFile; fileRef = 841622D92B0B6B39005F95B7 /* Assets.xcassets */; };
		841622DD2B0B6B39005F95B7 /* Preview Assets.xcassets in Resources */ = {isa = PBXBuildFile; fileRef = 841622DC2B0B6B39005F95B7 /* Preview Assets.xcassets */; };
		841622E42B0B8140005F95B7 /* DiceViewModel.swift in Sources */ = {isa = PBXBuildFile; fileRef = 841622E32B0B8140005F95B7 /* DiceViewModel.swift */; };
		841622E62B0B84B7005F95B7 /* GameResult.swift in Sources */ = {isa = PBXBuildFile; fileRef = 841622E52B0B84B7005F95B7 /* GameResult.swift */; };
		841622E92B0B9A73005F95B7 /* ShellGameView.swift in Sources */ = {isa = PBXBuildFile; fileRef = 841622E82B0B9A73005F95B7 /* ShellGameView.swift */; };
		841622EB2B0BA728005F95B7 /* CupView.swift in Sources */ = {isa = PBXBuildFile; fileRef = 841622EA2B0BA728005F95B7 /* CupView.swift */; };
		841622ED2B0CC94C005F95B7 /* ShellGameViewModel.swift in Sources */ = {isa = PBXBuildFile; fileRef = 841622EC2B0CC94C005F95B7 /* ShellGameViewModel.swift */; };
		841622F02B0CCA1E005F95B7 /* TwentyOneView.swift in Sources */ = {isa = PBXBuildFile; fileRef = 841622EF2B0CCA1E005F95B7 /* TwentyOneView.swift */; };
		841622F22B0D0C0B005F95B7 /* Card.swift in Sources */ = {isa = PBXBuildFile; fileRef = 841622F12B0D0C0B005F95B7 /* Card.swift */; };
		841622F42B0D0C2A005F95B7 /* CardView.swift in Sources */ = {isa = PBXBuildFile; fileRef = 841622F32B0D0C2A005F95B7 /* CardView.swift */; };
		841622F62B0D0C45005F95B7 /* CardRank.swift in Sources */ = {isa = PBXBuildFile; fileRef = 841622F52B0D0C45005F95B7 /* CardRank.swift */; };
		841622F82B0D0C4D005F95B7 /* CardSuit.swift in Sources */ = {isa = PBXBuildFile; fileRef = 841622F72B0D0C4D005F95B7 /* CardSuit.swift */; };
		841622FA2B0E0EA0005F95B7 /* TwentyOneViewModel.swift in Sources */ = {isa = PBXBuildFile; fileRef = 841622F92B0E0EA0005F95B7 /* TwentyOneViewModel.swift */; };
		841622FC2B0E2168005F95B7 /* MainView.swift in Sources */ = {isa = PBXBuildFile; fileRef = 841622FB2B0E2168005F95B7 /* MainView.swift */; };
		849A76582B0E4294009EF692 /* InvestmentView.swift in Sources */ = {isa = PBXBuildFile; fileRef = 849A76572B0E4294009EF692 /* InvestmentView.swift */; };
		849A765A2B0E5665009EF692 /* LineChartView.swift in Sources */ = {isa = PBXBuildFile; fileRef = 849A76592B0E5665009EF692 /* LineChartView.swift */; };
		849A765C2B0F65E9009EF692 /* InvestmentViewModel.swift in Sources */ = {isa = PBXBuildFile; fileRef = 849A765B2B0F65E9009EF692 /* InvestmentViewModel.swift */; };
/* End PBXBuildFile section */

/* Begin PBXFileReference section */
		841622D22B0B6B38005F95B7 /* MinigamesMZ.app */ = {isa = PBXFileReference; explicitFileType = wrapper.application; includeInIndex = 0; path = MinigamesMZ.app; sourceTree = BUILT_PRODUCTS_DIR; };
		841622D52B0B6B38005F95B7 /* dicesApp.swift */ = {isa = PBXFileReference; lastKnownFileType = sourcecode.swift; path = dicesApp.swift; sourceTree = "<group>"; };
		841622D72B0B6B38005F95B7 /* DiceView.swift */ = {isa = PBXFileReference; lastKnownFileType = sourcecode.swift; path = DiceView.swift; sourceTree = "<group>"; };
		841622D92B0B6B39005F95B7 /* Assets.xcassets */ = {isa = PBXFileReference; lastKnownFileType = folder.assetcatalog; path = Assets.xcassets; sourceTree = "<group>"; };
		841622DC2B0B6B39005F95B7 /* Preview Assets.xcassets */ = {isa = PBXFileReference; lastKnownFileType = folder.assetcatalog; path = "Preview Assets.xcassets"; sourceTree = "<group>"; };
		841622E32B0B8140005F95B7 /* DiceViewModel.swift */ = {isa = PBXFileReference; lastKnownFileType = sourcecode.swift; path = DiceViewModel.swift; sourceTree = "<group>"; };
		841622E52B0B84B7005F95B7 /* GameResult.swift */ = {isa = PBXFileReference; lastKnownFileType = sourcecode.swift; path = GameResult.swift; sourceTree = "<group>"; };
		841622E82B0B9A73005F95B7 /* ShellGameView.swift */ = {isa = PBXFileReference; lastKnownFileType = sourcecode.swift; path = ShellGameView.swift; sourceTree = "<group>"; };
		841622EA2B0BA728005F95B7 /* CupView.swift */ = {isa = PBXFileReference; lastKnownFileType = sourcecode.swift; path = CupView.swift; sourceTree = "<group>"; };
		841622EC2B0CC94C005F95B7 /* ShellGameViewModel.swift */ = {isa = PBXFileReference; lastKnownFileType = sourcecode.swift; path = ShellGameViewModel.swift; sourceTree = "<group>"; };
		841622EF2B0CCA1E005F95B7 /* TwentyOneView.swift */ = {isa = PBXFileReference; lastKnownFileType = sourcecode.swift; path = TwentyOneView.swift; sourceTree = "<group>"; };
		841622F12B0D0C0B005F95B7 /* Card.swift */ = {isa = PBXFileReference; lastKnownFileType = sourcecode.swift; path = Card.swift; sourceTree = "<group>"; };
		841622F32B0D0C2A005F95B7 /* CardView.swift */ = {isa = PBXFileReference; lastKnownFileType = sourcecode.swift; path = CardView.swift; sourceTree = "<group>"; };
		841622F52B0D0C45005F95B7 /* CardRank.swift */ = {isa = PBXFileReference; lastKnownFileType = sourcecode.swift; path = CardRank.swift; sourceTree = "<group>"; };
		841622F72B0D0C4D005F95B7 /* CardSuit.swift */ = {isa = PBXFileReference; lastKnownFileType = sourcecode.swift; path = CardSuit.swift; sourceTree = "<group>"; };
		841622F92B0E0EA0005F95B7 /* TwentyOneViewModel.swift */ = {isa = PBXFileReference; lastKnownFileType = sourcecode.swift; path = TwentyOneViewModel.swift; sourceTree = "<group>"; };
		841622FB2B0E2168005F95B7 /* MainView.swift */ = {isa = PBXFileReference; lastKnownFileType = sourcecode.swift; path = MainView.swift; sourceTree = "<group>"; };
		849A76572B0E4294009EF692 /* InvestmentView.swift */ = {isa = PBXFileReference; lastKnownFileType = sourcecode.swift; path = InvestmentView.swift; sourceTree = "<group>"; };
		849A76592B0E5665009EF692 /* LineChartView.swift */ = {isa = PBXFileReference; lastKnownFileType = sourcecode.swift; path = LineChartView.swift; sourceTree = "<group>"; };
		849A765B2B0F65E9009EF692 /* InvestmentViewModel.swift */ = {isa = PBXFileReference; lastKnownFileType = sourcecode.swift; path = InvestmentViewModel.swift; sourceTree = "<group>"; };
/* End PBXFileReference section */

/* Begin PBXFrameworksBuildPhase section */
		841622CF2B0B6B38005F95B7 /* Frameworks */ = {
			isa = PBXFrameworksBuildPhase;
			buildActionMask = 2147483647;
			files = (
			);
			runOnlyForDeploymentPostprocessing = 0;
		};
/* End PBXFrameworksBuildPhase section */

/* Begin PBXGroup section */
		841622C92B0B6B38005F95B7 = {
			isa = PBXGroup;
			children = (
				849A76562B0E4281009EF692 /* Investment */,
				841622D42B0B6B38005F95B7 /* Dices */,
				841622E72B0B9A37005F95B7 /* ShellGame */,
				841622EE2B0CC9EA005F95B7 /* TwentyOne */,
				841622DB2B0B6B39005F95B7 /* Preview Content */,
				841622D92B0B6B39005F95B7 /* Assets.xcassets */,
				841622FB2B0E2168005F95B7 /* MainView.swift */,
				841622D52B0B6B38005F95B7 /* dicesApp.swift */,
				841622D32B0B6B38005F95B7 /* Products */,
			);
			sourceTree = "<group>";
		};
		841622D32B0B6B38005F95B7 /* Products */ = {
			isa = PBXGroup;
			children = (
				841622D22B0B6B38005F95B7 /* MinigamesMZ.app */,
			);
			name = Products;
			sourceTree = "<group>";
		};
		841622D42B0B6B38005F95B7 /* Dices */ = {
			isa = PBXGroup;
			children = (
				841622E32B0B8140005F95B7 /* DiceViewModel.swift */,
				841622D72B0B6B38005F95B7 /* DiceView.swift */,
				841622E52B0B84B7005F95B7 /* GameResult.swift */,
			);
			path = Dices;
			sourceTree = "<group>";
		};
		841622DB2B0B6B39005F95B7 /* Preview Content */ = {
			isa = PBXGroup;
			children = (
				841622DC2B0B6B39005F95B7 /* Preview Assets.xcassets */,
			);
			path = "Preview Content";
			sourceTree = "<group>";
		};
		841622E72B0B9A37005F95B7 /* ShellGame */ = {
			isa = PBXGroup;
			children = (
				841622E82B0B9A73005F95B7 /* ShellGameView.swift */,
				841622EA2B0BA728005F95B7 /* CupView.swift */,
				841622EC2B0CC94C005F95B7 /* ShellGameViewModel.swift */,
			);
			path = ShellGame;
			sourceTree = "<group>";
		};
		841622EE2B0CC9EA005F95B7 /* TwentyOne */ = {
			isa = PBXGroup;
			children = (
				841622EF2B0CCA1E005F95B7 /* TwentyOneView.swift */,
				841622F12B0D0C0B005F95B7 /* Card.swift */,
				841622F32B0D0C2A005F95B7 /* CardView.swift */,
				841622F52B0D0C45005F95B7 /* CardRank.swift */,
				841622F72B0D0C4D005F95B7 /* CardSuit.swift */,
				841622F92B0E0EA0005F95B7 /* TwentyOneViewModel.swift */,
			);
			path = TwentyOne;
			sourceTree = "<group>";
		};
		849A76562B0E4281009EF692 /* Investment */ = {
			isa = PBXGroup;
			children = (
				849A76572B0E4294009EF692 /* InvestmentView.swift */,
				849A76592B0E5665009EF692 /* LineChartView.swift */,
				849A765B2B0F65E9009EF692 /* InvestmentViewModel.swift */,
			);
			path = Investment;
			sourceTree = "<group>";
		};
/* End PBXGroup section */

/* Begin PBXNativeTarget section */
		841622D12B0B6B38005F95B7 /* MinigamesMZ */ = {
			isa = PBXNativeTarget;
			buildConfigurationList = 841622E02B0B6B39005F95B7 /* Build configuration list for PBXNativeTarget "MinigamesMZ" */;
			buildPhases = (
				841622CE2B0B6B38005F95B7 /* Sources */,
				841622CF2B0B6B38005F95B7 /* Frameworks */,
				841622D02B0B6B38005F95B7 /* Resources */,
			);
			buildRules = (
			);
			dependencies = (
			);
			name = MinigamesMZ;
			productName = dices;
			productReference = 841622D22B0B6B38005F95B7 /* MinigamesMZ.app */;
			productType = "com.apple.product-type.application";
		};
/* End PBXNativeTarget section */

/* Begin PBXProject section */
		841622CA2B0B6B38005F95B7 /* Project object */ = {
			isa = PBXProject;
			attributes = {
				BuildIndependentTargetsInParallel = 1;
				LastSwiftUpdateCheck = 1500;
				LastUpgradeCheck = 1500;
				TargetAttributes = {
					841622D12B0B6B38005F95B7 = {
						CreatedOnToolsVersion = 15.0.1;
					};
				};
			};
			buildConfigurationList = 841622CD2B0B6B38005F95B7 /* Build configuration list for PBXProject "MinigamesMZ" */;
			compatibilityVersion = "Xcode 14.0";
			developmentRegion = en;
			hasScannedForEncodings = 0;
			knownRegions = (
				en,
				Base,
			);
			mainGroup = 841622C92B0B6B38005F95B7;
			productRefGroup = 841622D32B0B6B38005F95B7 /* Products */;
			projectDirPath = "";
			projectRoot = "";
			targets = (
				841622D12B0B6B38005F95B7 /* MinigamesMZ */,
			);
		};
/* End PBXProject section */

/* Begin PBXResourcesBuildPhase section */
		841622D02B0B6B38005F95B7 /* Resources */ = {
			isa = PBXResourcesBuildPhase;
			buildActionMask = 2147483647;
			files = (
				841622DD2B0B6B39005F95B7 /* Preview Assets.xcassets in Resources */,
				841622DA2B0B6B39005F95B7 /* Assets.xcassets in Resources */,
			);
			runOnlyForDeploymentPostprocessing = 0;
		};
/* End PBXResourcesBuildPhase section */

/* Begin PBXSourcesBuildPhase section */
		841622CE2B0B6B38005F95B7 /* Sources */ = {
			isa = PBXSourcesBuildPhase;
			buildActionMask = 2147483647;
			files = (
				841622E62B0B84B7005F95B7 /* GameResult.swift in Sources */,
				849A76582B0E4294009EF692 /* InvestmentView.swift in Sources */,
				841622FC2B0E2168005F95B7 /* MainView.swift in Sources */,
				849A765A2B0E5665009EF692 /* LineChartView.swift in Sources */,
				849A765C2B0F65E9009EF692 /* InvestmentViewModel.swift in Sources */,
				841622F22B0D0C0B005F95B7 /* Card.swift in Sources */,
				841622E42B0B8140005F95B7 /* DiceViewModel.swift in Sources */,
				841622E92B0B9A73005F95B7 /* ShellGameView.swift in Sources */,
				841622F82B0D0C4D005F95B7 /* CardSuit.swift in Sources */,
				841622F42B0D0C2A005F95B7 /* CardView.swift in Sources */,
				841622D82B0B6B38005F95B7 /* DiceView.swift in Sources */,
				841622ED2B0CC94C005F95B7 /* ShellGameViewModel.swift in Sources */,
				841622F62B0D0C45005F95B7 /* CardRank.swift in Sources */,
				841622EB2B0BA728005F95B7 /* CupView.swift in Sources */,
				841622FA2B0E0EA0005F95B7 /* TwentyOneViewModel.swift in Sources */,
				841622F02B0CCA1E005F95B7 /* TwentyOneView.swift in Sources */,
				841622D62B0B6B38005F95B7 /* dicesApp.swift in Sources */,
			);
			runOnlyForDeploymentPostprocessing = 0;
		};
/* End PBXSourcesBuildPhase section */

/* Begin XCBuildConfiguration section */
		841622DE2B0B6B39005F95B7 /* Debug */ = {
			isa = XCBuildConfiguration;
			buildSettings = {
				ALWAYS_SEARCH_USER_PATHS = NO;
				ASSETCATALOG_COMPILER_GENERATE_SWIFT_ASSET_SYMBOL_EXTENSIONS = YES;
				CLANG_ANALYZER_NONNULL = YES;
				CLANG_ANALYZER_NUMBER_OBJECT_CONVERSION = YES_AGGRESSIVE;
				CLANG_CXX_LANGUAGE_STANDARD = "gnu++20";
				CLANG_ENABLE_MODULES = YES;
				CLANG_ENABLE_OBJC_ARC = YES;
				CLANG_ENABLE_OBJC_WEAK = YES;
				CLANG_WARN_BLOCK_CAPTURE_AUTORELEASING = YES;
				CLANG_WARN_BOOL_CONVERSION = YES;
				CLANG_WARN_COMMA = YES;
				CLANG_WARN_CONSTANT_CONVERSION = YES;
				CLANG_WARN_DEPRECATED_OBJC_IMPLEMENTATIONS = YES;
				CLANG_WARN_DIRECT_OBJC_ISA_USAGE = YES_ERROR;
				CLANG_WARN_DOCUMENTATION_COMMENTS = YES;
				CLANG_WARN_EMPTY_BODY = YES;
				CLANG_WARN_ENUM_CONVERSION = YES;
				CLANG_WARN_INFINITE_RECURSION = YES;
				CLANG_WARN_INT_CONVERSION = YES;
				CLANG_WARN_NON_LITERAL_NULL_CONVERSION = YES;
				CLANG_WARN_OBJC_IMPLICIT_RETAIN_SELF = YES;
				CLANG_WARN_OBJC_LITERAL_CONVERSION = YES;
				CLANG_WARN_OBJC_ROOT_CLASS = YES_ERROR;
				CLANG_WARN_QUOTED_INCLUDE_IN_FRAMEWORK_HEADER = YES;
				CLANG_WARN_RANGE_LOOP_ANALYSIS = YES;
				CLANG_WARN_STRICT_PROTOTYPES = YES;
				CLANG_WARN_SUSPICIOUS_MOVE = YES;
				CLANG_WARN_UNGUARDED_AVAILABILITY = YES_AGGRESSIVE;
				CLANG_WARN_UNREACHABLE_CODE = YES;
				CLANG_WARN__DUPLICATE_METHOD_MATCH = YES;
				COPY_PHASE_STRIP = NO;
				DEBUG_INFORMATION_FORMAT = dwarf;
				ENABLE_STRICT_OBJC_MSGSEND = YES;
				ENABLE_TESTABILITY = YES;
				ENABLE_USER_SCRIPT_SANDBOXING = YES;
				GCC_C_LANGUAGE_STANDARD = gnu17;
				GCC_DYNAMIC_NO_PIC = NO;
				GCC_NO_COMMON_BLOCKS = YES;
				GCC_OPTIMIZATION_LEVEL = 0;
				GCC_PREPROCESSOR_DEFINITIONS = (
					"DEBUG=1",
					"$(inherited)",
				);
				GCC_WARN_64_TO_32_BIT_CONVERSION = YES;
				GCC_WARN_ABOUT_RETURN_TYPE = YES_ERROR;
				GCC_WARN_UNDECLARED_SELECTOR = YES;
				GCC_WARN_UNINITIALIZED_AUTOS = YES_AGGRESSIVE;
				GCC_WARN_UNUSED_FUNCTION = YES;
				GCC_WARN_UNUSED_VARIABLE = YES;
				IPHONEOS_DEPLOYMENT_TARGET = 15.0;
				LOCALIZATION_PREFERS_STRING_CATALOGS = YES;
				MTL_ENABLE_DEBUG_INFO = INCLUDE_SOURCE;
				MTL_FAST_MATH = YES;
				ONLY_ACTIVE_ARCH = YES;
				SDKROOT = iphoneos;
				SWIFT_ACTIVE_COMPILATION_CONDITIONS = "DEBUG $(inherited)";
				SWIFT_OPTIMIZATION_LEVEL = "-Onone";
			};
			name = Debug;
		};
		841622DF2B0B6B39005F95B7 /* Release */ = {
			isa = XCBuildConfiguration;
			buildSettings = {
				ALWAYS_SEARCH_USER_PATHS = NO;
				ASSETCATALOG_COMPILER_GENERATE_SWIFT_ASSET_SYMBOL_EXTENSIONS = YES;
				CLANG_ANALYZER_NONNULL = YES;
				CLANG_ANALYZER_NUMBER_OBJECT_CONVERSION = YES_AGGRESSIVE;
				CLANG_CXX_LANGUAGE_STANDARD = "gnu++20";
				CLANG_ENABLE_MODULES = YES;
				CLANG_ENABLE_OBJC_ARC = YES;
				CLANG_ENABLE_OBJC_WEAK = YES;
				CLANG_WARN_BLOCK_CAPTURE_AUTORELEASING = YES;
				CLANG_WARN_BOOL_CONVERSION = YES;
				CLANG_WARN_COMMA = YES;
				CLANG_WARN_CONSTANT_CONVERSION = YES;
				CLANG_WARN_DEPRECATED_OBJC_IMPLEMENTATIONS = YES;
				CLANG_WARN_DIRECT_OBJC_ISA_USAGE = YES_ERROR;
				CLANG_WARN_DOCUMENTATION_COMMENTS = YES;
				CLANG_WARN_EMPTY_BODY = YES;
				CLANG_WARN_ENUM_CONVERSION = YES;
				CLANG_WARN_INFINITE_RECURSION = YES;
				CLANG_WARN_INT_CONVERSION = YES;
				CLANG_WARN_NON_LITERAL_NULL_CONVERSION = YES;
				CLANG_WARN_OBJC_IMPLICIT_RETAIN_SELF = YES;
				CLANG_WARN_OBJC_LITERAL_CONVERSION = YES;
				CLANG_WARN_OBJC_ROOT_CLASS = YES_ERROR;
				CLANG_WARN_QUOTED_INCLUDE_IN_FRAMEWORK_HEADER = YES;
				CLANG_WARN_RANGE_LOOP_ANALYSIS = YES;
				CLANG_WARN_STRICT_PROTOTYPES = YES;
				CLANG_WARN_SUSPICIOUS_MOVE = YES;
				CLANG_WARN_UNGUARDED_AVAILABILITY = YES_AGGRESSIVE;
				CLANG_WARN_UNREACHABLE_CODE = YES;
				CLANG_WARN__DUPLICATE_METHOD_MATCH = YES;
				COPY_PHASE_STRIP = NO;
				DEBUG_INFORMATION_FORMAT = "dwarf-with-dsym";
				ENABLE_NS_ASSERTIONS = NO;
				ENABLE_STRICT_OBJC_MSGSEND = YES;
				ENABLE_USER_SCRIPT_SANDBOXING = YES;
				GCC_C_LANGUAGE_STANDARD = gnu17;
				GCC_NO_COMMON_BLOCKS = YES;
				GCC_WARN_64_TO_32_BIT_CONVERSION = YES;
				GCC_WARN_ABOUT_RETURN_TYPE = YES_ERROR;
				GCC_WARN_UNDECLARED_SELECTOR = YES;
				GCC_WARN_UNINITIALIZED_AUTOS = YES_AGGRESSIVE;
				GCC_WARN_UNUSED_FUNCTION = YES;
				GCC_WARN_UNUSED_VARIABLE = YES;
				IPHONEOS_DEPLOYMENT_TARGET = 15.0;
				LOCALIZATION_PREFERS_STRING_CATALOGS = YES;
				MTL_ENABLE_DEBUG_INFO = NO;
				MTL_FAST_MATH = YES;
				SDKROOT = iphoneos;
				SWIFT_COMPILATION_MODE = wholemodule;
				VALIDATE_PRODUCT = YES;
			};
			name = Release;
		};
		841622E12B0B6B39005F95B7 /* Debug */ = {
			isa = XCBuildConfiguration;
			buildSettings = {
				ASSETCATALOG_COMPILER_APPICON_NAME = AppIcon;
				ASSETCATALOG_COMPILER_GLOBAL_ACCENT_COLOR_NAME = AccentColor;
				CODE_SIGN_STYLE = Automatic;
				CURRENT_PROJECT_VERSION = 1;
				DEVELOPMENT_ASSET_PATHS = "\"Preview Content\"";
				DEVELOPMENT_TEAM = L6QNYLXV8A;
				ENABLE_PREVIEWS = YES;
				GENERATE_INFOPLIST_FILE = YES;
				INFOPLIST_KEY_UIApplicationSceneManifest_Generation = YES;
				INFOPLIST_KEY_UIApplicationSupportsIndirectInputEvents = YES;
				INFOPLIST_KEY_UILaunchScreen_Generation = YES;
				INFOPLIST_KEY_UISupportedInterfaceOrientations_iPad = "UIInterfaceOrientationPortrait UIInterfaceOrientationPortraitUpsideDown UIInterfaceOrientationLandscapeLeft UIInterfaceOrientationLandscapeRight";
				INFOPLIST_KEY_UISupportedInterfaceOrientations_iPhone = "UIInterfaceOrientationPortrait UIInterfaceOrientationLandscapeLeft UIInterfaceOrientationLandscapeRight";
				LD_RUNPATH_SEARCH_PATHS = (
					"$(inherited)",
					"@executable_path/Frameworks",
				);
				MARKETING_VERSION = 1.0;
				PRODUCT_BUNDLE_IDENTIFIER = com.dices;
				PRODUCT_NAME = "$(TARGET_NAME)";
				SWIFT_EMIT_LOC_STRINGS = YES;
				SWIFT_VERSION = 5.0;
				TARGETED_DEVICE_FAMILY = "1,2";
			};
			name = Debug;
		};
		841622E22B0B6B39005F95B7 /* Release */ = {
			isa = XCBuildConfiguration;
			buildSettings = {
				ASSETCATALOG_COMPILER_APPICON_NAME = AppIcon;
				ASSETCATALOG_COMPILER_GLOBAL_ACCENT_COLOR_NAME = AccentColor;
				CODE_SIGN_STYLE = Automatic;
				CURRENT_PROJECT_VERSION = 1;
				DEVELOPMENT_ASSET_PATHS = "\"Preview Content\"";
				DEVELOPMENT_TEAM = L6QNYLXV8A;
				ENABLE_PREVIEWS = YES;
				GENERATE_INFOPLIST_FILE = YES;
				INFOPLIST_KEY_UIApplicationSceneManifest_Generation = YES;
				INFOPLIST_KEY_UIApplicationSupportsIndirectInputEvents = YES;
				INFOPLIST_KEY_UILaunchScreen_Generation = YES;
				INFOPLIST_KEY_UISupportedInterfaceOrientations_iPad = "UIInterfaceOrientationPortrait UIInterfaceOrientationPortraitUpsideDown UIInterfaceOrientationLandscapeLeft UIInterfaceOrientationLandscapeRight";
				INFOPLIST_KEY_UISupportedInterfaceOrientations_iPhone = "UIInterfaceOrientationPortrait UIInterfaceOrientationLandscapeLeft UIInterfaceOrientationLandscapeRight";
				LD_RUNPATH_SEARCH_PATHS = (
					"$(inherited)",
					"@executable_path/Frameworks",
				);
				MARKETING_VERSION = 1.0;
				PRODUCT_BUNDLE_IDENTIFIER = com.dices;
				PRODUCT_NAME = "$(TARGET_NAME)";
				SWIFT_EMIT_LOC_STRINGS = YES;
				SWIFT_VERSION = 5.0;
				TARGETED_DEVICE_FAMILY = "1,2";
			};
			name = Release;
		};
/* End XCBuildConfiguration section */

/* Begin XCConfigurationList section */
		841622CD2B0B6B38005F95B7 /* Build configuration list for PBXProject "MinigamesMZ" */ = {
			isa = XCConfigurationList;
			buildConfigurations = (
				841622DE2B0B6B39005F95B7 /* Debug */,
				841622DF2B0B6B39005F95B7 /* Release */,
			);
			defaultConfigurationIsVisible = 0;
			defaultConfigurationName = Release;
		};
		841622E02B0B6B39005F95B7 /* Build configuration list for PBXNativeTarget "MinigamesMZ" */ = {
			isa = XCConfigurationList;
			buildConfigurations = (
				841622E12B0B6B39005F95B7 /* Debug */,
				841622E22B0B6B39005F95B7 /* Release */,
			);
			defaultConfigurationIsVisible = 0;
			defaultConfigurationName = Release;
		};
/* End XCConfigurationList section */
	};
	rootObject = 841622CA2B0B6B38005F95B7 /* Project object */;
}
